PODS:
  - CoatySwift (2.0.0):
    - CocoaMQTT (~> 1.2.5)
    - RxCocoa (~> 5)
    - RxSwift (~> 5)
    - XCGLogger (~> 7.0.1)
  - CocoaAsyncSocket (7.6.4)
  - CocoaMQTT (1.2.5):
    - CocoaAsyncSocket (~> 7.6.3)
  - ObjcExceptionBridging (1.0.1):
    - ObjcExceptionBridging/ObjcExceptionBridging (= 1.0.1)
  - ObjcExceptionBridging/ObjcExceptionBridging (1.0.1)
  - RxCocoa (5.1.0):
    - RxRelay (~> 5)
    - RxSwift (~> 5)
  - RxRelay (5.1.0):
    - RxSwift (~> 5)
  - RxSwift (5.1.0)
  - XCGLogger (7.0.1):
    - XCGLogger/Core (= 7.0.1)
  - XCGLogger/Core (7.0.1):
    - ObjcExceptionBridging

DEPENDENCIES:
  - CoatySwift (~> 2.0)

SPEC REPOS:
  trunk:
    - CoatySwift
    - CocoaAsyncSocket
    - CocoaMQTT
    - ObjcExceptionBridging
    - RxCocoa
    - RxRelay
    - RxSwift
    - XCGLogger

SPEC CHECKSUMS:
  CoatySwift: 1dc143253946c9a5b2d7447492830e08bcceedd8
  CocoaAsyncSocket: 694058e7c0ed05a9e217d1b3c7ded962f4180845
  CocoaMQTT: a61490ed3b328011c5d75169a77781983e2bb221
  ObjcExceptionBridging: c30e00eb3700467e695faeea30e26e18bd445001
  RxCocoa: 13d2a4d7546a34b8ececae8c281e4ea1dbb94f2b
  RxRelay: a168bd6caf712d00c676ac344e9295afc93b418e
  RxSwift: ad5874f24bb0dbffd1e9bb8443604e3578796c7a
  XCGLogger: 1943831ef907df55108b0b18657953f868de973b

PODFILE CHECKSUM: 5ad71aa95b5de1491130604f9edf73099c91ef88

COCOAPODS: 1.8.4
